
Microsoft Visual Studio Solution File, Format Version 12.00
# Visual Studio Version 16
VisualStudioVersion = 16.0.29728.190
MinimumVisualStudioVersion = 10.0.40219.1
Project("{9A19103F-16F7-4668-BE54-9A1E7A4F7556}") = "Web", "Src\Web\Web.csproj", "{DDB27E30-EF62-4B6D-AEB1-D545CF9908CE}"
EndProject
Project("{9A19103F-16F7-4668-BE54-9A1E7A4F7556}") = "Core", "Src\Core\Core.csproj", "{3BBDEFCE-254E-4AE6-9C13-DE653F0BB37B}"
EndProject
Project("{9A19103F-16F7-4668-BE54-9A1E7A4F7556}") = "Infrastructure", "Src\Infrastructure\Infrastructure.csproj", "{3541C436-7374-42AF-86B8-65331E0AB023}"
EndProject
Project("{FAE04EC0-301F-11D3-BF4B-00C04F79EFBC}") = "Service", "Src\Service\Service.csproj", "{CA191A12-2462-4694-874C-E84C944621D8}"
EndProject
Global
	GlobalSection(SolutionConfigurationPlatforms) = preSolution
		Debug|Any CPU = Debug|Any CPU
		Release|Any CPU = Release|Any CPU
	EndGlobalSection
	GlobalSection(ProjectConfigurationPlatforms) = postSolution
		{DDB27E30-EF62-4B6D-AEB1-D545CF9908CE}.Debug|Any CPU.ActiveCfg = Debug|Any CPU
		{DDB27E30-EF62-4B6D-AEB1-D545CF9908CE}.Debug|Any CPU.Build.0 = Debug|Any CPU
		{DDB27E30-EF62-4B6D-AEB1-D545CF9908CE}.Release|Any CPU.ActiveCfg = Release|Any CPU
		{DDB27E30-EF62-4B6D-AEB1-D545CF9908CE}.Release|Any CPU.Build.0 = Release|Any CPU
		{3BBDEFCE-254E-4AE6-9C13-DE653F0BB37B}.Debug|Any CPU.ActiveCfg = Debug|Any CPU
		{3BBDEFCE-254E-4AE6-9C13-DE653F0BB37B}.Debug|Any CPU.Build.0 = Debug|Any CPU
		{3BBDEFCE-254E-4AE6-9C13-DE653F0BB37B}.Release|Any CPU.ActiveCfg = Release|Any CPU
		{3BBDEFCE-254E-4AE6-9C13-DE653F0BB37B}.Release|Any CPU.Build.0 = Release|Any CPU
		{3541C436-7374-42AF-86B8-65331E0AB023}.Debug|Any CPU.ActiveCfg = Debug|Any CPU
		{3541C436-7374-42AF-86B8-65331E0AB023}.Debug|Any CPU.Build.0 = Debug|Any CPU
		{3541C436-7374-42AF-86B8-65331E0AB023}.Release|Any CPU.ActiveCfg = Release|Any CPU
		{3541C436-7374-42AF-86B8-65331E0AB023}.Release|Any CPU.Build.0 = Release|Any CPU
		{CA191A12-2462-4694-874C-E84C944621D8}.Debug|Any CPU.ActiveCfg = Debug|Any CPU
		{CA191A12-2462-4694-874C-E84C944621D8}.Debug|Any CPU.Build.0 = Debug|Any CPU
		{CA191A12-2462-4694-874C-E84C944621D8}.Release|Any CPU.ActiveCfg = Release|Any CPU
		{CA191A12-2462-4694-874C-E84C944621D8}.Release|Any CPU.Build.0 = Release|Any CPU
	EndGlobalSection
	GlobalSection(SolutionProperties) = preSolution
		HideSolutionNode = FALSE
	EndGlobalSection
	GlobalSection(ExtensibilityGlobals) = postSolution
		SolutionGuid = {EC125A47-3410-4343-9CBC-517B26B03779}
	EndGlobalSection
EndGlobal
